
Microsoft Visual Studio Solution File, Format Version 12.00
# Visual Studio Version 17
VisualStudioVersion = 17.9.34728.123
MinimumVisualStudioVersion = 10.0.40219.1
Project("{9A19103F-16F7-4668-BE54-9A1E7A4F7556}") = "WordFrequencyApp", "WordFrequencyApp.csproj", "{AE085E0D-9F4B-43DB-897F-7016154E77B7}"
EndProject
Project("{9A19103F-16F7-4668-BE54-9A1E7A4F7556}") = "WordFrequencyTests", "..\WordFrequencyTests\WordFrequencyTests.csproj", "{69C6FBD9-DB41-417D-B11C-D19E2328C041}"
EndProject
Global
	GlobalSection(SolutionConfigurationPlatforms) = preSolution
		Debug|Any CPU = Debug|Any CPU
		Release|Any CPU = Release|Any CPU
	EndGlobalSection
	GlobalSection(ProjectConfigurationPlatforms) = postSolution
		{AE085E0D-9F4B-43DB-897F-7016154E77B7}.Debug|Any CPU.ActiveCfg = Debug|Any CPU
		{AE085E0D-9F4B-43DB-897F-7016154E77B7}.Debug|Any CPU.Build.0 = Debug|Any CPU
		{AE085E0D-9F4B-43DB-897F-7016154E77B7}.Release|Any CPU.ActiveCfg = Release|Any CPU
		{AE085E0D-9F4B-43DB-897F-7016154E77B7}.Release|Any CPU.Build.0 = Release|Any CPU
		{69C6FBD9-DB41-417D-B11C-D19E2328C041}.Debug|Any CPU.ActiveCfg = Debug|Any CPU
		{69C6FBD9-DB41-417D-B11C-D19E2328C041}.Debug|Any CPU.Build.0 = Debug|Any CPU
		{69C6FBD9-DB41-417D-B11C-D19E2328C041}.Release|Any CPU.ActiveCfg = Release|Any CPU
		{69C6FBD9-DB41-417D-B11C-D19E2328C041}.Release|Any CPU.Build.0 = Release|Any CPU
	EndGlobalSection
	GlobalSection(SolutionProperties) = preSolution
		HideSolutionNode = FALSE
	EndGlobalSection
	GlobalSection(ExtensibilityGlobals) = postSolution
		SolutionGuid = {CAC6DF01-1F8D-4661-94E7-AE987A2357DD}
	EndGlobalSection
EndGlobal
